
Microsoft Visual Studio Solution File, Format Version 12.00
# Visual Studio Version 16
VisualStudioVersion = 16.0.31112.23
MinimumVisualStudioVersion = 10.0.40219.1
Project("{FAE04EC0-301F-11D3-BF4B-00C04F79EFBC}") = "WpfApp1_finalproject", "WpfApp1_finalproject.csproj", "{DF570E23-6FBE-4D75-A318-54DA625AA3B9}"
EndProject
Project("{FAE04EC0-301F-11D3-BF4B-00C04F79EFBC}") = "WpfApp2", "..\WpfApp2\WpfApp2.csproj", "{C45D4165-E809-4068-908B-586202764150}"
EndProject
Global
	GlobalSection(SolutionConfigurationPlatforms) = preSolution
		Debug|Any CPU = Debug|Any CPU
		Release|Any CPU = Release|Any CPU
	EndGlobalSection
	GlobalSection(ProjectConfigurationPlatforms) = postSolution
		{DF570E23-6FBE-4D75-A318-54DA625AA3B9}.Debug|Any CPU.ActiveCfg = Debug|Any CPU
		{DF570E23-6FBE-4D75-A318-54DA625AA3B9}.Debug|Any CPU.Build.0 = Debug|Any CPU
		{DF570E23-6FBE-4D75-A318-54DA625AA3B9}.Release|Any CPU.ActiveCfg = Release|Any CPU
		{DF570E23-6FBE-4D75-A318-54DA625AA3B9}.Release|Any CPU.Build.0 = Release|Any CPU
		{C45D4165-E809-4068-908B-586202764150}.Debug|Any CPU.ActiveCfg = Debug|Any CPU
		{C45D4165-E809-4068-908B-586202764150}.Debug|Any CPU.Build.0 = Debug|Any CPU
		{C45D4165-E809-4068-908B-586202764150}.Release|Any CPU.ActiveCfg = Release|Any CPU
		{C45D4165-E809-4068-908B-586202764150}.Release|Any CPU.Build.0 = Release|Any CPU
	EndGlobalSection
	GlobalSection(SolutionProperties) = preSolution
		HideSolutionNode = FALSE
	EndGlobalSection
	GlobalSection(ExtensibilityGlobals) = postSolution
		SolutionGuid = {F9D4E01A-D44F-42C2-BCCD-9E8FC54AD7F9}
	EndGlobalSection
EndGlobal
